{
    "name": "@accrescent/console-client-sdk-angular",
    "version": "0.7.0",
    "lockfileVersion": 3,
    "requires": true,
    "packages": {
        "": {
            "name": "@accrescent/console-client-sdk-angular",
            "version": "0.7.0",
            "license": "Apache-2.0"
        }
    }
}
